
Microsoft Visual Studio Solution File, Format Version 12.00
# Visual Studio Version 17
VisualStudioVersion = 17.8.34205.153
MinimumVisualStudioVersion = 10.0.40219.1
Project("{FAE04EC0-301F-11D3-BF4B-00C04F79EFBC}") = "Lab11", "Lab11.csproj", "{637D61DA-FF3E-48A2-B1AC-8BC7BECF24CB}"
EndProject
Global
	GlobalSection(SolutionConfigurationPlatforms) = preSolution
		Debug|Any CPU = Debug|Any CPU
		Release|Any CPU = Release|Any CPU
	EndGlobalSection
	GlobalSection(ProjectConfigurationPlatforms) = postSolution
		{637D61DA-FF3E-48A2-B1AC-8BC7BECF24CB}.Debug|Any CPU.ActiveCfg = Debug|Any CPU
		{637D61DA-FF3E-48A2-B1AC-8BC7BECF24CB}.Debug|Any CPU.Build.0 = Debug|Any CPU
		{637D61DA-FF3E-48A2-B1AC-8BC7BECF24CB}.Release|Any CPU.ActiveCfg = Release|Any CPU
		{637D61DA-FF3E-48A2-B1AC-8BC7BECF24CB}.Release|Any CPU.Build.0 = Release|Any CPU
	EndGlobalSection
	GlobalSection(SolutionProperties) = preSolution
		HideSolutionNode = FALSE
	EndGlobalSection
	GlobalSection(ExtensibilityGlobals) = postSolution
		SolutionGuid = {69CA98EF-B47A-4148-AB68-47F3244CA87F}
	EndGlobalSection
EndGlobal
